// !$*UTF8*$!
{
	archiveVersion = 1;
	classes = {
	};
	objectVersion = 55;
	objects = {

/* Begin PBXBuildFile section */
		1143178D26FFC04B0069CBD1 /* AppDelegate.swift in Sources */ = {isa = PBXBuildFile; fileRef = 1143178C26FFC04B0069CBD1 /* AppDelegate.swift */; };
		1143178F26FFC04B0069CBD1 /* SceneDelegate.swift in Sources */ = {isa = PBXBuildFile; fileRef = 1143178E26FFC04B0069CBD1 /* SceneDelegate.swift */; };
		1143179126FFC04B0069CBD1 /* ViewController.swift in Sources */ = {isa = PBXBuildFile; fileRef = 1143179026FFC04B0069CBD1 /* ViewController.swift */; };
		1143179426FFC04B0069CBD1 /* Main.storyboard in Resources */ = {isa = PBXBuildFile; fileRef = 1143179226FFC04B0069CBD1 /* Main.storyboard */; };
		1143179726FFC04B0069CBD1 /* NotesTestProject.xcdatamodeld in Sources */ = {isa = PBXBuildFile; fileRef = 1143179526FFC04B0069CBD1 /* NotesTestProject.xcdatamodeld */; };
		1143179926FFC04F0069CBD1 /* Assets.xcassets in Resources */ = {isa = PBXBuildFile; fileRef = 1143179826FFC04F0069CBD1 /* Assets.xcassets */; };
		1143179C26FFC04F0069CBD1 /* LaunchScreen.storyboard in Resources */ = {isa = PBXBuildFile; fileRef = 1143179A26FFC04F0069CBD1 /* LaunchScreen.storyboard */; };
		114317A426FFC0830069CBD1 /* NoteViewController.swift in Sources */ = {isa = PBXBuildFile; fileRef = 114317A326FFC0830069CBD1 /* NoteViewController.swift */; };
		114317A626FFDFA40069CBD1 /* UIFontExtension.swift in Sources */ = {isa = PBXBuildFile; fileRef = 114317A526FFDFA40069CBD1 /* UIFontExtension.swift */; };
		11E33AAA27013237003A7E7B /* NotesCoreData.swift in Sources */ = {isa = PBXBuildFile; fileRef = 11E33AA927013237003A7E7B /* NotesCoreData.swift */; };
		11E33AAC27013C7F003A7E7B /* NoteTableViewCell.swift in Sources */ = {isa = PBXBuildFile; fileRef = 11E33AAB27013C7F003A7E7B /* NoteTableViewCell.swift */; };
		11E33AB22701574E003A7E7B /* UIViewExtension.swift in Sources */ = {isa = PBXBuildFile; fileRef = 11E33AB12701574E003A7E7B /* UIViewExtension.swift */; };
/* End PBXBuildFile section */

/* Begin PBXFileReference section */
		1143178926FFC04B0069CBD1 /* NotesTestProject.app */ = {isa = PBXFileReference; explicitFileType = wrapper.application; includeInIndex = 0; path = NotesTestProject.app; sourceTree = BUILT_PRODUCTS_DIR; };
		1143178C26FFC04B0069CBD1 /* AppDelegate.swift */ = {isa = PBXFileReference; lastKnownFileType = sourcecode.swift; path = AppDelegate.swift; sourceTree = "<group>"; };
		1143178E26FFC04B0069CBD1 /* SceneDelegate.swift */ = {isa = PBXFileReference; lastKnownFileType = sourcecode.swift; path = SceneDelegate.swift; sourceTree = "<group>"; };
		1143179026FFC04B0069CBD1 /* ViewController.swift */ = {isa = PBXFileReference; lastKnownFileType = sourcecode.swift; path = ViewController.swift; sourceTree = "<group>"; };
		1143179326FFC04B0069CBD1 /* Base */ = {isa = PBXFileReference; lastKnownFileType = file.storyboard; name = Base; path = Base.lproj/Main.storyboard; sourceTree = "<group>"; };
		1143179626FFC04B0069CBD1 /* NotesTestProject.xcdatamodel */ = {isa = PBXFileReference; lastKnownFileType = wrapper.xcdatamodel; path = NotesTestProject.xcdatamodel; sourceTree = "<group>"; };
		1143179826FFC04F0069CBD1 /* Assets.xcassets */ = {isa = PBXFileReference; lastKnownFileType = folder.assetcatalog; path = Assets.xcassets; sourceTree = "<group>"; };
		1143179B26FFC04F0069CBD1 /* Base */ = {isa = PBXFileReference; lastKnownFileType = file.storyboard; name = Base; path = Base.lproj/LaunchScreen.storyboard; sourceTree = "<group>"; };
		1143179D26FFC04F0069CBD1 /* Info.plist */ = {isa = PBXFileReference; lastKnownFileType = text.plist.xml; path = Info.plist; sourceTree = "<group>"; };
		114317A326FFC0830069CBD1 /* NoteViewController.swift */ = {isa = PBXFileReference; lastKnownFileType = sourcecode.swift; path = NoteViewController.swift; sourceTree = "<group>"; };
		114317A526FFDFA40069CBD1 /* UIFontExtension.swift */ = {isa = PBXFileReference; lastKnownFileType = sourcecode.swift; path = UIFontExtension.swift; sourceTree = "<group>"; };
		11E33AA927013237003A7E7B /* NotesCoreData.swift */ = {isa = PBXFileReference; lastKnownFileType = sourcecode.swift; path = NotesCoreData.swift; sourceTree = "<group>"; };
		11E33AAB27013C7F003A7E7B /* NoteTableViewCell.swift */ = {isa = PBXFileReference; lastKnownFileType = sourcecode.swift; path = NoteTableViewCell.swift; sourceTree = "<group>"; };
		11E33AB12701574E003A7E7B /* UIViewExtension.swift */ = {isa = PBXFileReference; lastKnownFileType = sourcecode.swift; path = UIViewExtension.swift; sourceTree = "<group>"; };
/* End PBXFileReference section */

/* Begin PBXFrameworksBuildPhase section */
		1143178626FFC04B0069CBD1 /* Frameworks */ = {
			isa = PBXFrameworksBuildPhase;
			buildActionMask = 2147483647;
			files = (
			);
			runOnlyForDeploymentPostprocessing = 0;
		};
/* End PBXFrameworksBuildPhase section */

/* Begin PBXGroup section */
		1143178026FFC04B0069CBD1 = {
			isa = PBXGroup;
			children = (
				1143178B26FFC04B0069CBD1 /* NotesTestProject */,
				1143178A26FFC04B0069CBD1 /* Products */,
			);
			sourceTree = "<group>";
		};
		1143178A26FFC04B0069CBD1 /* Products */ = {
			isa = PBXGroup;
			children = (
				1143178926FFC04B0069CBD1 /* NotesTestProject.app */,
			);
			name = Products;
			sourceTree = "<group>";
		};
		1143178B26FFC04B0069CBD1 /* NotesTestProject */ = {
			isa = PBXGroup;
			children = (
				11E33AAD27015630003A7E7B /* Extensions */,
				11E33AAF270156E9003A7E7B /* Model */,
				11E33AB02701570F003A7E7B /* View */,
				11E33AAE270156A9003A7E7B /* Controller */,
				1143178C26FFC04B0069CBD1 /* AppDelegate.swift */,
				1143178E26FFC04B0069CBD1 /* SceneDelegate.swift */,
				1143179826FFC04F0069CBD1 /* Assets.xcassets */,
				1143179A26FFC04F0069CBD1 /* LaunchScreen.storyboard */,
				1143179D26FFC04F0069CBD1 /* Info.plist */,
				1143179526FFC04B0069CBD1 /* NotesTestProject.xcdatamodeld */,
			);
			path = NotesTestProject;
			sourceTree = "<group>";
		};
		11E33AAD27015630003A7E7B /* Extensions */ = {
			isa = PBXGroup;
			children = (
				114317A526FFDFA40069CBD1 /* UIFontExtension.swift */,
				11E33AB12701574E003A7E7B /* UIViewExtension.swift */,
			);
			path = Extensions;
			sourceTree = "<group>";
		};
		11E33AAE270156A9003A7E7B /* Controller */ = {
			isa = PBXGroup;
			children = (
				1143179026FFC04B0069CBD1 /* ViewController.swift */,
				114317A326FFC0830069CBD1 /* NoteViewController.swift */,
			);
			path = Controller;
			sourceTree = "<group>";
		};
		11E33AAF270156E9003A7E7B /* Model */ = {
			isa = PBXGroup;
			children = (
				11E33AA927013237003A7E7B /* NotesCoreData.swift */,
			);
			path = Model;
			sourceTree = "<group>";
		};
		11E33AB02701570F003A7E7B /* View */ = {
			isa = PBXGroup;
			children = (
				1143179226FFC04B0069CBD1 /* Main.storyboard */,
				11E33AAB27013C7F003A7E7B /* NoteTableViewCell.swift */,
			);
			path = View;
			sourceTree = "<group>";
		};
/* End PBXGroup section */

/* Begin PBXNativeTarget section */
		1143178826FFC04B0069CBD1 /* NotesTestProject */ = {
			isa = PBXNativeTarget;
			buildConfigurationList = 114317A026FFC04F0069CBD1 /* Build configuration list for PBXNativeTarget "NotesTestProject" */;
			buildPhases = (
				1143178526FFC04B0069CBD1 /* Sources */,
				1143178626FFC04B0069CBD1 /* Frameworks */,
				1143178726FFC04B0069CBD1 /* Resources */,
			);
			buildRules = (
			);
			dependencies = (
			);
			name = NotesTestProject;
			productName = NotesTestProject;
			productReference = 1143178926FFC04B0069CBD1 /* NotesTestProject.app */;
			productType = "com.apple.product-type.application";
		};
/* End PBXNativeTarget section */

/* Begin PBXProject section */
		1143178126FFC04B0069CBD1 /* Project object */ = {
			isa = PBXProject;
			attributes = {
				BuildIndependentTargetsInParallel = 1;
				LastSwiftUpdateCheck = 1300;
				LastUpgradeCheck = 1300;
				TargetAttributes = {
					1143178826FFC04B0069CBD1 = {
						CreatedOnToolsVersion = 13.0;
					};
				};
			};
			buildConfigurationList = 1143178426FFC04B0069CBD1 /* Build configuration list for PBXProject "NotesTestProject" */;
			compatibilityVersion = "Xcode 13.0";
			developmentRegion = en;
			hasScannedForEncodings = 0;
			knownRegions = (
				en,
				Base,
			);
			mainGroup = 1143178026FFC04B0069CBD1;
			productRefGroup = 1143178A26FFC04B0069CBD1 /* Products */;
			projectDirPath = "";
			projectRoot = "";
			targets = (
				1143178826FFC04B0069CBD1 /* NotesTestProject */,
			);
		};
/* End PBXProject section */

/* Begin PBXResourcesBuildPhase section */
		1143178726FFC04B0069CBD1 /* Resources */ = {
			isa = PBXResourcesBuildPhase;
			buildActionMask = 2147483647;
			files = (
				1143179C26FFC04F0069CBD1 /* LaunchScreen.storyboard in Resources */,
				1143179926FFC04F0069CBD1 /* Assets.xcassets in Resources */,
				1143179426FFC04B0069CBD1 /* Main.storyboard in Resources */,
			);
			runOnlyForDeploymentPostprocessing = 0;
		};
/* End PBXResourcesBuildPhase section */

/* Begin PBXSourcesBuildPhase section */
		1143178526FFC04B0069CBD1 /* Sources */ = {
			isa = PBXSourcesBuildPhase;
			buildActionMask = 2147483647;
			files = (
				1143179126FFC04B0069CBD1 /* ViewController.swift in Sources */,
				114317A626FFDFA40069CBD1 /* UIFontExtension.swift in Sources */,
				1143179726FFC04B0069CBD1 /* NotesTestProject.xcdatamodeld in Sources */,
				11E33AAC27013C7F003A7E7B /* NoteTableViewCell.swift in Sources */,
				1143178D26FFC04B0069CBD1 /* AppDelegate.swift in Sources */,
				114317A426FFC0830069CBD1 /* NoteViewController.swift in Sources */,
				11E33AB22701574E003A7E7B /* UIViewExtension.swift in Sources */,
				1143178F26FFC04B0069CBD1 /* SceneDelegate.swift in Sources */,
				11E33AAA27013237003A7E7B /* NotesCoreData.swift in Sources */,
			);
			runOnlyForDeploymentPostprocessing = 0;
		};
/* End PBXSourcesBuildPhase section */

/* Begin PBXVariantGroup section */
		1143179226FFC04B0069CBD1 /* Main.storyboard */ = {
			isa = PBXVariantGroup;
			children = (
				1143179326FFC04B0069CBD1 /* Base */,
			);
			name = Main.storyboard;
			sourceTree = "<group>";
		};
		1143179A26FFC04F0069CBD1 /* LaunchScreen.storyboard */ = {
			isa = PBXVariantGroup;
			children = (
				1143179B26FFC04F0069CBD1 /* Base */,
			);
			name = LaunchScreen.storyboard;
			sourceTree = "<group>";
		};
/* End PBXVariantGroup section */

/* Begin XCBuildConfiguration section */
		1143179E26FFC04F0069CBD1 /* Debug */ = {
			isa = XCBuildConfiguration;
			buildSettings = {
				ALWAYS_SEARCH_USER_PATHS = NO;
				CLANG_ANALYZER_NONNULL = YES;
				CLANG_ANALYZER_NUMBER_OBJECT_CONVERSION = YES_AGGRESSIVE;
				CLANG_CXX_LANGUAGE_STANDARD = "gnu++17";
				CLANG_CXX_LIBRARY = "libc++";
				CLANG_ENABLE_MODULES = YES;
				CLANG_ENABLE_OBJC_ARC = YES;
				CLANG_ENABLE_OBJC_WEAK = YES;
				CLANG_WARN_BLOCK_CAPTURE_AUTORELEASING = YES;
				CLANG_WARN_BOOL_CONVERSION = YES;
				CLANG_WARN_COMMA = YES;
				CLANG_WARN_CONSTANT_CONVERSION = YES;
				CLANG_WARN_DEPRECATED_OBJC_IMPLEMENTATIONS = YES;
				CLANG_WARN_DIRECT_OBJC_ISA_USAGE = YES_ERROR;
				CLANG_WARN_DOCUMENTATION_COMMENTS = YES;
				CLANG_WARN_EMPTY_BODY = YES;
				CLANG_WARN_ENUM_CONVERSION = YES;
				CLANG_WARN_INFINITE_RECURSION = YES;
				CLANG_WARN_INT_CONVERSION = YES;
				CLANG_WARN_NON_LITERAL_NULL_CONVERSION = YES;
				CLANG_WARN_OBJC_IMPLICIT_RETAIN_SELF = YES;
				CLANG_WARN_OBJC_LITERAL_CONVERSION = YES;
				CLANG_WARN_OBJC_ROOT_CLASS = YES_ERROR;
				CLANG_WARN_QUOTED_INCLUDE_IN_FRAMEWORK_HEADER = YES;
				CLANG_WARN_RANGE_LOOP_ANALYSIS = YES;
				CLANG_WARN_STRICT_PROTOTYPES = YES;
				CLANG_WARN_SUSPICIOUS_MOVE = YES;
				CLANG_WARN_UNGUARDED_AVAILABILITY = YES_AGGRESSIVE;
				CLANG_WARN_UNREACHABLE_CODE = YES;
				CLANG_WARN__DUPLICATE_METHOD_MATCH = YES;
				COPY_PHASE_STRIP = NO;
				DEBUG_INFORMATION_FORMAT = dwarf;
				ENABLE_STRICT_OBJC_MSGSEND = YES;
				ENABLE_TESTABILITY = YES;
				GCC_C_LANGUAGE_STANDARD = gnu11;
				GCC_DYNAMIC_NO_PIC = NO;
				GCC_NO_COMMON_BLOCKS = YES;
				GCC_OPTIMIZATION_LEVEL = 0;
				GCC_PREPROCESSOR_DEFINITIONS = (
					"DEBUG=1",
					"$(inherited)",
				);
				GCC_WARN_64_TO_32_BIT_CONVERSION = YES;
				GCC_WARN_ABOUT_RETURN_TYPE = YES_ERROR;
				GCC_WARN_UNDECLARED_SELECTOR = YES;
				GCC_WARN_UNINITIALIZED_AUTOS = YES_AGGRESSIVE;
				GCC_WARN_UNUSED_FUNCTION = YES;
				GCC_WARN_UNUSED_VARIABLE = YES;
				IPHONEOS_DEPLOYMENT_TARGET = 15.0;
				MTL_ENABLE_DEBUG_INFO = INCLUDE_SOURCE;
				MTL_FAST_MATH = YES;
				ONLY_ACTIVE_ARCH = YES;
				SDKROOT = iphoneos;
				SWIFT_ACTIVE_COMPILATION_CONDITIONS = DEBUG;
				SWIFT_OPTIMIZATION_LEVEL = "-Onone";
			};
			name = Debug;
		};
		1143179F26FFC04F0069CBD1 /* Release */ = {
			isa = XCBuildConfiguration;
			buildSettings = {
				ALWAYS_SEARCH_USER_PATHS = NO;
				CLANG_ANALYZER_NONNULL = YES;
				CLANG_ANALYZER_NUMBER_OBJECT_CONVERSION = YES_AGGRESSIVE;
				CLANG_CXX_LANGUAGE_STANDARD = "gnu++17";
				CLANG_CXX_LIBRARY = "libc++";
				CLANG_ENABLE_MODULES = YES;
				CLANG_ENABLE_OBJC_ARC = YES;
				CLANG_ENABLE_OBJC_WEAK = YES;
				CLANG_WARN_BLOCK_CAPTURE_AUTORELEASING = YES;
				CLANG_WARN_BOOL_CONVERSION = YES;
				CLANG_WARN_COMMA = YES;
				CLANG_WARN_CONSTANT_CONVERSION = YES;
				CLANG_WARN_DEPRECATED_OBJC_IMPLEMENTATIONS = YES;
				CLANG_WARN_DIRECT_OBJC_ISA_USAGE = YES_ERROR;
				CLANG_WARN_DOCUMENTATION_COMMENTS = YES;
				CLANG_WARN_EMPTY_BODY = YES;
				CLANG_WARN_ENUM_CONVERSION = YES;
				CLANG_WARN_INFINITE_RECURSION = YES;
				CLANG_WARN_INT_CONVERSION = YES;
				CLANG_WARN_NON_LITERAL_NULL_CONVERSION = YES;
				CLANG_WARN_OBJC_IMPLICIT_RETAIN_SELF = YES;
				CLANG_WARN_OBJC_LITERAL_CONVERSION = YES;
				CLANG_WARN_OBJC_ROOT_CLASS = YES_ERROR;
				CLANG_WARN_QUOTED_INCLUDE_IN_FRAMEWORK_HEADER = YES;
				CLANG_WARN_RANGE_LOOP_ANALYSIS = YES;
				CLANG_WARN_STRICT_PROTOTYPES = YES;
				CLANG_WARN_SUSPICIOUS_MOVE = YES;
				CLANG_WARN_UNGUARDED_AVAILABILITY = YES_AGGRESSIVE;
				CLANG_WARN_UNREACHABLE_CODE = YES;
				CLANG_WARN__DUPLICATE_METHOD_MATCH = YES;
				COPY_PHASE_STRIP = NO;
				DEBUG_INFORMATION_FORMAT = "dwarf-with-dsym";
				ENABLE_NS_ASSERTIONS = NO;
				ENABLE_STRICT_OBJC_MSGSEND = YES;
				GCC_C_LANGUAGE_STANDARD = gnu11;
				GCC_NO_COMMON_BLOCKS = YES;
				GCC_WARN_64_TO_32_BIT_CONVERSION = YES;
				GCC_WARN_ABOUT_RETURN_TYPE = YES_ERROR;
				GCC_WARN_UNDECLARED_SELECTOR = YES;
				GCC_WARN_UNINITIALIZED_AUTOS = YES_AGGRESSIVE;
				GCC_WARN_UNUSED_FUNCTION = YES;
				GCC_WARN_UNUSED_VARIABLE = YES;
				IPHONEOS_DEPLOYMENT_TARGET = 15.0;
				MTL_ENABLE_DEBUG_INFO = NO;
				MTL_FAST_MATH = YES;
				SDKROOT = iphoneos;
				SWIFT_COMPILATION_MODE = wholemodule;
				SWIFT_OPTIMIZATION_LEVEL = "-O";
				VALIDATE_PRODUCT = YES;
			};
			name = Release;
		};
		114317A126FFC04F0069CBD1 /* Debug */ = {
			isa = XCBuildConfiguration;
			buildSettings = {
				ASSETCATALOG_COMPILER_APPICON_NAME = AppIcon;
				ASSETCATALOG_COMPILER_GLOBAL_ACCENT_COLOR_NAME = AccentColor;
				CODE_SIGN_STYLE = Automatic;
				CURRENT_PROJECT_VERSION = 1;
				DEVELOPMENT_TEAM = 9L86A658DT;
				GENERATE_INFOPLIST_FILE = YES;
				INFOPLIST_FILE = NotesTestProject/Info.plist;
				INFOPLIST_KEY_UIApplicationSupportsIndirectInputEvents = YES;
				INFOPLIST_KEY_UILaunchStoryboardName = LaunchScreen;
				INFOPLIST_KEY_UIMainStoryboardFile = Main;
				INFOPLIST_KEY_UISupportedInterfaceOrientations_iPad = "UIInterfaceOrientationPortrait UIInterfaceOrientationPortraitUpsideDown UIInterfaceOrientationLandscapeLeft UIInterfaceOrientationLandscapeRight";
				INFOPLIST_KEY_UISupportedInterfaceOrientations_iPhone = "UIInterfaceOrientationPortrait UIInterfaceOrientationLandscapeLeft UIInterfaceOrientationLandscapeRight";
				LD_RUNPATH_SEARCH_PATHS = (
					"$(inherited)",
					"@executable_path/Frameworks",
				);
				MARKETING_VERSION = 1.0;
				PRODUCT_BUNDLE_IDENTIFIER = ru.jimwest.NotesTestProject;
				PRODUCT_NAME = "$(TARGET_NAME)";
				SWIFT_EMIT_LOC_STRINGS = YES;
				SWIFT_VERSION = 5.0;
				TARGETED_DEVICE_FAMILY = "1,2";
			};
			name = Debug;
		};
		114317A226FFC04F0069CBD1 /* Release */ = {
			isa = XCBuildConfiguration;
			buildSettings = {
				ASSETCATALOG_COMPILER_APPICON_NAME = AppIcon;
				ASSETCATALOG_COMPILER_GLOBAL_ACCENT_COLOR_NAME = AccentColor;
				CODE_SIGN_STYLE = Automatic;
				CURRENT_PROJECT_VERSION = 1;
				DEVELOPMENT_TEAM = 9L86A658DT;
				GENERATE_INFOPLIST_FILE = YES;
				INFOPLIST_FILE = NotesTestProject/Info.plist;
				INFOPLIST_KEY_UIApplicationSupportsIndirectInputEvents = YES;
				INFOPLIST_KEY_UILaunchStoryboardName = LaunchScreen;
				INFOPLIST_KEY_UIMainStoryboardFile = Main;
				INFOPLIST_KEY_UISupportedInterfaceOrientations_iPad = "UIInterfaceOrientationPortrait UIInterfaceOrientationPortraitUpsideDown UIInterfaceOrientationLandscapeLeft UIInterfaceOrientationLandscapeRight";
				INFOPLIST_KEY_UISupportedInterfaceOrientations_iPhone = "UIInterfaceOrientationPortrait UIInterfaceOrientationLandscapeLeft UIInterfaceOrientationLandscapeRight";
				LD_RUNPATH_SEARCH_PATHS = (
					"$(inherited)",
					"@executable_path/Frameworks",
				);
				MARKETING_VERSION = 1.0;
				PRODUCT_BUNDLE_IDENTIFIER = ru.jimwest.NotesTestProject;
				PRODUCT_NAME = "$(TARGET_NAME)";
				SWIFT_EMIT_LOC_STRINGS = YES;
				SWIFT_VERSION = 5.0;
				TARGETED_DEVICE_FAMILY = "1,2";
			};
			name = Release;
		};
/* End XCBuildConfiguration section */

/* Begin XCConfigurationList section */
		1143178426FFC04B0069CBD1 /* Build configuration list for PBXProject "NotesTestProject" */ = {
			isa = XCConfigurationList;
			buildConfigurations = (
				1143179E26FFC04F0069CBD1 /* Debug */,
				1143179F26FFC04F0069CBD1 /* Release */,
			);
			defaultConfigurationIsVisible = 0;
			defaultConfigurationName = Release;
		};
		114317A026FFC04F0069CBD1 /* Build configuration list for PBXNativeTarget "NotesTestProject" */ = {
			isa = XCConfigurationList;
			buildConfigurations = (
				114317A126FFC04F0069CBD1 /* Debug */,
				114317A226FFC04F0069CBD1 /* Release */,
			);
			defaultConfigurationIsVisible = 0;
			defaultConfigurationName = Release;
		};
/* End XCConfigurationList section */

/* Begin XCVersionGroup section */
		1143179526FFC04B0069CBD1 /* NotesTestProject.xcdatamodeld */ = {
			isa = XCVersionGroup;
			children = (
				1143179626FFC04B0069CBD1 /* NotesTestProject.xcdatamodel */,
			);
			currentVersion = 1143179626FFC04B0069CBD1 /* NotesTestProject.xcdatamodel */;
			path = NotesTestProject.xcdatamodeld;
			sourceTree = "<group>";
			versionGroupType = wrapper.xcdatamodel;
		};
/* End XCVersionGroup section */
	};
	rootObject = 1143178126FFC04B0069CBD1 /* Project object */;
}
